
Microsoft Visual Studio Solution File, Format Version 12.00
# Visual Studio Version 16
VisualStudioVersion = 16.0.29613.14
MinimumVisualStudioVersion = 10.0.40219.1
Project("{FAE04EC0-301F-11D3-BF4B-00C04F79EFBC}") = "ConditionalsWin10", "ConditionalsWin10.csproj", "{B210E2B8-304E-45C5-ABCD-08930E731663}"
EndProject
Global
	GlobalSection(SolutionConfigurationPlatforms) = preSolution
		Debug|Any CPU = Debug|Any CPU
		Release|Any CPU = Release|Any CPU
	EndGlobalSection
	GlobalSection(ProjectConfigurationPlatforms) = postSolution
		{B210E2B8-304E-45C5-ABCD-08930E731663}.Debug|Any CPU.ActiveCfg = Debug|Any CPU
		{B210E2B8-304E-45C5-ABCD-08930E731663}.Debug|Any CPU.Build.0 = Debug|Any CPU
		{B210E2B8-304E-45C5-ABCD-08930E731663}.Release|Any CPU.ActiveCfg = Release|Any CPU
		{B210E2B8-304E-45C5-ABCD-08930E731663}.Release|Any CPU.Build.0 = Release|Any CPU
	EndGlobalSection
	GlobalSection(SolutionProperties) = preSolution
		HideSolutionNode = FALSE
	EndGlobalSection
	GlobalSection(ExtensibilityGlobals) = postSolution
		SolutionGuid = {62311F6D-26E4-4629-ACDB-F02F738569DE}
	EndGlobalSection
EndGlobal
