
Microsoft Visual Studio Solution File, Format Version 12.00
# Visual Studio Version 16
VisualStudioVersion = 16.0.29613.14
MinimumVisualStudioVersion = 10.0.40219.1
Project("{FAE04EC0-301F-11D3-BF4B-00C04F79EFBC}") = "Operators", "Operators.csproj", "{77828839-77A1-47A3-8F5A-5DBE47C6B8BE}"
EndProject
Global
	GlobalSection(SolutionConfigurationPlatforms) = preSolution
		Debug|Any CPU = Debug|Any CPU
		Release|Any CPU = Release|Any CPU
	EndGlobalSection
	GlobalSection(ProjectConfigurationPlatforms) = postSolution
		{77828839-77A1-47A3-8F5A-5DBE47C6B8BE}.Debug|Any CPU.ActiveCfg = Debug|Any CPU
		{77828839-77A1-47A3-8F5A-5DBE47C6B8BE}.Debug|Any CPU.Build.0 = Debug|Any CPU
		{77828839-77A1-47A3-8F5A-5DBE47C6B8BE}.Release|Any CPU.ActiveCfg = Release|Any CPU
		{77828839-77A1-47A3-8F5A-5DBE47C6B8BE}.Release|Any CPU.Build.0 = Release|Any CPU
	EndGlobalSection
	GlobalSection(SolutionProperties) = preSolution
		HideSolutionNode = FALSE
	EndGlobalSection
	GlobalSection(ExtensibilityGlobals) = postSolution
		SolutionGuid = {F89A9DB5-A58C-49A2-B983-94432F603698}
	EndGlobalSection
EndGlobal
